
Microsoft Visual Studio Solution File, Format Version 11.00
# Visual Studio 2010
Project("{FAE04EC0-301F-11D3-BF4B-00C04F79EFBC}") = "Magic3D", "Magic3D.csproj", "{9F17A2A7-87CF-4175-9014-BFA7344D935B}"
EndProject
Project("{FAE04EC0-301F-11D3-BF4B-00C04F79EFBC}") = "GOLib", "lib\GOLib\GOLib.csproj", "{C2980F9B-4798-4C05-99E2-E174810F7C7B}"
EndProject
Project("{FAE04EC0-301F-11D3-BF4B-00C04F79EFBC}") = "GGL", "lib\GGL\GGL.csproj", "{5490AD74-0BB3-438C-9DE4-EB7CFC68BCB5}"
EndProject
Project("{FAE04EC0-301F-11D3-BF4B-00C04F79EFBC}") = "OpenTK", "lib\opentk\Source\OpenTK\OpenTK.csproj", "{A37A7E14-0000-0000-0000-000000000000}"
EndProject
Global
	GlobalSection(SolutionConfigurationPlatforms) = preSolution
		Debug|Any CPU = Debug|Any CPU
		Release|Any CPU = Release|Any CPU
		Debug|x86 = Debug|x86
		Release|x86 = Release|x86
		Debug|Linux_x86 = Debug|Linux_x86
		Debug|Win_x86 = Debug|Win_x86
		Release|Win_x86 = Release|Win_x86
		Release|Linux_x86 = Release|Linux_x86
		DebugMinimal|Any CPU = DebugMinimal|Any CPU
		ReleaseMinimal|Any CPU = ReleaseMinimal|Any CPU
		Documentation|Any CPU = Documentation|Any CPU
		Nsis|Any CPU = Nsis|Any CPU
	EndGlobalSection
	GlobalSection(ProjectConfigurationPlatforms) = postSolution
		{5490AD74-0BB3-438C-9DE4-EB7CFC68BCB5}.Debug|Any CPU.ActiveCfg = Debug|Any CPU
		{5490AD74-0BB3-438C-9DE4-EB7CFC68BCB5}.Debug|Any CPU.Build.0 = Debug|Any CPU
		{5490AD74-0BB3-438C-9DE4-EB7CFC68BCB5}.Debug|Linux_x86.ActiveCfg = Debug|Linux_x86
		{5490AD74-0BB3-438C-9DE4-EB7CFC68BCB5}.Debug|Linux_x86.Build.0 = Debug|Linux_x86
		{5490AD74-0BB3-438C-9DE4-EB7CFC68BCB5}.Debug|Win_x86.ActiveCfg = Debug|Win_x86
		{5490AD74-0BB3-438C-9DE4-EB7CFC68BCB5}.Debug|Win_x86.Build.0 = Debug|Win_x86
		{5490AD74-0BB3-438C-9DE4-EB7CFC68BCB5}.Debug|x86.ActiveCfg = Debug|Linux_x86
		{5490AD74-0BB3-438C-9DE4-EB7CFC68BCB5}.Debug|x86.Build.0 = Debug|Linux_x86
		{5490AD74-0BB3-438C-9DE4-EB7CFC68BCB5}.DebugMinimal|Any CPU.ActiveCfg = Debug|Linux_x86
		{5490AD74-0BB3-438C-9DE4-EB7CFC68BCB5}.DebugMinimal|Any CPU.Build.0 = Debug|Linux_x86
		{5490AD74-0BB3-438C-9DE4-EB7CFC68BCB5}.Documentation|Any CPU.ActiveCfg = Debug|Linux_x86
		{5490AD74-0BB3-438C-9DE4-EB7CFC68BCB5}.Documentation|Any CPU.Build.0 = Debug|Linux_x86
		{5490AD74-0BB3-438C-9DE4-EB7CFC68BCB5}.Nsis|Any CPU.ActiveCfg = Debug|Linux_x86
		{5490AD74-0BB3-438C-9DE4-EB7CFC68BCB5}.Nsis|Any CPU.Build.0 = Debug|Linux_x86
		{5490AD74-0BB3-438C-9DE4-EB7CFC68BCB5}.Release|Any CPU.ActiveCfg = Release|Win_x86
		{5490AD74-0BB3-438C-9DE4-EB7CFC68BCB5}.Release|Any CPU.Build.0 = Release|Win_x86
		{5490AD74-0BB3-438C-9DE4-EB7CFC68BCB5}.Release|Linux_x86.ActiveCfg = Release|Linux_x86
		{5490AD74-0BB3-438C-9DE4-EB7CFC68BCB5}.Release|Linux_x86.Build.0 = Release|Linux_x86
		{5490AD74-0BB3-438C-9DE4-EB7CFC68BCB5}.Release|Win_x86.ActiveCfg = Release|Win_x86
		{5490AD74-0BB3-438C-9DE4-EB7CFC68BCB5}.Release|Win_x86.Build.0 = Release|Win_x86
		{5490AD74-0BB3-438C-9DE4-EB7CFC68BCB5}.Release|x86.ActiveCfg = Release|Win_x86
		{5490AD74-0BB3-438C-9DE4-EB7CFC68BCB5}.Release|x86.Build.0 = Release|Win_x86
		{5490AD74-0BB3-438C-9DE4-EB7CFC68BCB5}.ReleaseMinimal|Any CPU.ActiveCfg = Debug|Linux_x86
		{5490AD74-0BB3-438C-9DE4-EB7CFC68BCB5}.ReleaseMinimal|Any CPU.Build.0 = Debug|Linux_x86
		{9F17A2A7-87CF-4175-9014-BFA7344D935B}.Debug|Any CPU.ActiveCfg = Debug|Any CPU
		{9F17A2A7-87CF-4175-9014-BFA7344D935B}.Debug|Any CPU.Build.0 = Debug|Any CPU
		{9F17A2A7-87CF-4175-9014-BFA7344D935B}.Debug|Linux_x86.ActiveCfg = Debug|Any CPU
		{9F17A2A7-87CF-4175-9014-BFA7344D935B}.Debug|Linux_x86.Build.0 = Debug|Any CPU
		{9F17A2A7-87CF-4175-9014-BFA7344D935B}.Debug|Win_x86.ActiveCfg = Debug|Any CPU
		{9F17A2A7-87CF-4175-9014-BFA7344D935B}.Debug|Win_x86.Build.0 = Debug|Any CPU
		{9F17A2A7-87CF-4175-9014-BFA7344D935B}.Debug|x86.ActiveCfg = Debug|Any CPU
		{9F17A2A7-87CF-4175-9014-BFA7344D935B}.Debug|x86.Build.0 = Debug|Any CPU
		{9F17A2A7-87CF-4175-9014-BFA7344D935B}.DebugMinimal|Any CPU.ActiveCfg = Release|Any CPU
		{9F17A2A7-87CF-4175-9014-BFA7344D935B}.DebugMinimal|Any CPU.Build.0 = Release|Any CPU
		{9F17A2A7-87CF-4175-9014-BFA7344D935B}.Documentation|Any CPU.ActiveCfg = Release|Any CPU
		{9F17A2A7-87CF-4175-9014-BFA7344D935B}.Documentation|Any CPU.Build.0 = Release|Any CPU
		{9F17A2A7-87CF-4175-9014-BFA7344D935B}.Nsis|Any CPU.ActiveCfg = Release|Any CPU
		{9F17A2A7-87CF-4175-9014-BFA7344D935B}.Nsis|Any CPU.Build.0 = Release|Any CPU
		{9F17A2A7-87CF-4175-9014-BFA7344D935B}.Release|Any CPU.ActiveCfg = Debug|Any CPU
		{9F17A2A7-87CF-4175-9014-BFA7344D935B}.Release|Any CPU.Build.0 = Debug|Any CPU
		{9F17A2A7-87CF-4175-9014-BFA7344D935B}.Release|Linux_x86.ActiveCfg = Release|Any CPU
		{9F17A2A7-87CF-4175-9014-BFA7344D935B}.Release|Linux_x86.Build.0 = Release|Any CPU
		{9F17A2A7-87CF-4175-9014-BFA7344D935B}.Release|Win_x86.ActiveCfg = Release|Any CPU
		{9F17A2A7-87CF-4175-9014-BFA7344D935B}.Release|Win_x86.Build.0 = Release|Any CPU
		{9F17A2A7-87CF-4175-9014-BFA7344D935B}.Release|x86.ActiveCfg = Release|Any CPU
		{9F17A2A7-87CF-4175-9014-BFA7344D935B}.Release|x86.Build.0 = Release|Any CPU
		{9F17A2A7-87CF-4175-9014-BFA7344D935B}.ReleaseMinimal|Any CPU.ActiveCfg = Release|Any CPU
		{9F17A2A7-87CF-4175-9014-BFA7344D935B}.ReleaseMinimal|Any CPU.Build.0 = Release|Any CPU
		{A37A7E14-0000-0000-0000-000000000000}.Debug|Any CPU.ActiveCfg = Debug|Any CPU
		{A37A7E14-0000-0000-0000-000000000000}.Debug|Linux_x86.ActiveCfg = Debug|Any CPU
		{A37A7E14-0000-0000-0000-000000000000}.Debug|Linux_x86.Build.0 = Debug|Any CPU
		{A37A7E14-0000-0000-0000-000000000000}.Debug|Win_x86.ActiveCfg = Debug|Any CPU
		{A37A7E14-0000-0000-0000-000000000000}.Debug|Win_x86.Build.0 = Debug|Any CPU
		{A37A7E14-0000-0000-0000-000000000000}.Debug|x86.ActiveCfg = Debug|Any CPU
		{A37A7E14-0000-0000-0000-000000000000}.Debug|x86.Build.0 = Debug|Any CPU
		{A37A7E14-0000-0000-0000-000000000000}.DebugMinimal|Any CPU.ActiveCfg = DebugMinimal|Any CPU
		{A37A7E14-0000-0000-0000-000000000000}.DebugMinimal|Any CPU.Build.0 = DebugMinimal|Any CPU
		{A37A7E14-0000-0000-0000-000000000000}.Documentation|Any CPU.ActiveCfg = Documentation|Any CPU
		{A37A7E14-0000-0000-0000-000000000000}.Documentation|Any CPU.Build.0 = Documentation|Any CPU
		{A37A7E14-0000-0000-0000-000000000000}.Nsis|Any CPU.ActiveCfg = Nsis|Any CPU
		{A37A7E14-0000-0000-0000-000000000000}.Nsis|Any CPU.Build.0 = Nsis|Any CPU
		{A37A7E14-0000-0000-0000-000000000000}.Release|Any CPU.ActiveCfg = Release|Any CPU
		{A37A7E14-0000-0000-0000-000000000000}.Release|Any CPU.Build.0 = Release|Any CPU
		{A37A7E14-0000-0000-0000-000000000000}.Release|Linux_x86.ActiveCfg = Release|Any CPU
		{A37A7E14-0000-0000-0000-000000000000}.Release|Linux_x86.Build.0 = Release|Any CPU
		{A37A7E14-0000-0000-0000-000000000000}.Release|Win_x86.ActiveCfg = Release|Any CPU
		{A37A7E14-0000-0000-0000-000000000000}.Release|Win_x86.Build.0 = Release|Any CPU
		{A37A7E14-0000-0000-0000-000000000000}.Release|x86.ActiveCfg = Release|Any CPU
		{A37A7E14-0000-0000-0000-000000000000}.Release|x86.Build.0 = Release|Any CPU
		{A37A7E14-0000-0000-0000-000000000000}.ReleaseMinimal|Any CPU.ActiveCfg = ReleaseMinimal|Any CPU
		{A37A7E14-0000-0000-0000-000000000000}.ReleaseMinimal|Any CPU.Build.0 = ReleaseMinimal|Any CPU
		{C2980F9B-4798-4C05-99E2-E174810F7C7B}.Debug|Any CPU.ActiveCfg = Debug|Any CPU
		{C2980F9B-4798-4C05-99E2-E174810F7C7B}.Debug|Any CPU.Build.0 = Debug|Any CPU
		{C2980F9B-4798-4C05-99E2-E174810F7C7B}.Debug|Linux_x86.ActiveCfg = Debug|Any CPU
		{C2980F9B-4798-4C05-99E2-E174810F7C7B}.Debug|Linux_x86.Build.0 = Debug|Any CPU
		{C2980F9B-4798-4C05-99E2-E174810F7C7B}.Debug|Win_x86.ActiveCfg = Debug|Any CPU
		{C2980F9B-4798-4C05-99E2-E174810F7C7B}.Debug|Win_x86.Build.0 = Debug|Any CPU
		{C2980F9B-4798-4C05-99E2-E174810F7C7B}.Debug|x86.ActiveCfg = Debug|Any CPU
		{C2980F9B-4798-4C05-99E2-E174810F7C7B}.Debug|x86.Build.0 = Debug|Any CPU
		{C2980F9B-4798-4C05-99E2-E174810F7C7B}.DebugMinimal|Any CPU.ActiveCfg = Release|Any CPU
		{C2980F9B-4798-4C05-99E2-E174810F7C7B}.DebugMinimal|Any CPU.Build.0 = Release|Any CPU
		{C2980F9B-4798-4C05-99E2-E174810F7C7B}.Documentation|Any CPU.ActiveCfg = Release|Any CPU
		{C2980F9B-4798-4C05-99E2-E174810F7C7B}.Documentation|Any CPU.Build.0 = Release|Any CPU
		{C2980F9B-4798-4C05-99E2-E174810F7C7B}.Nsis|Any CPU.ActiveCfg = Release|Any CPU
		{C2980F9B-4798-4C05-99E2-E174810F7C7B}.Nsis|Any CPU.Build.0 = Release|Any CPU
		{C2980F9B-4798-4C05-99E2-E174810F7C7B}.Release|Any CPU.ActiveCfg = Release|Any CPU
		{C2980F9B-4798-4C05-99E2-E174810F7C7B}.Release|Any CPU.Build.0 = Release|Any CPU
		{C2980F9B-4798-4C05-99E2-E174810F7C7B}.Release|Linux_x86.ActiveCfg = Release|Any CPU
		{C2980F9B-4798-4C05-99E2-E174810F7C7B}.Release|Linux_x86.Build.0 = Release|Any CPU
		{C2980F9B-4798-4C05-99E2-E174810F7C7B}.Release|Win_x86.ActiveCfg = Release|Any CPU
		{C2980F9B-4798-4C05-99E2-E174810F7C7B}.Release|Win_x86.Build.0 = Release|Any CPU
		{C2980F9B-4798-4C05-99E2-E174810F7C7B}.Release|x86.ActiveCfg = Release|Any CPU
		{C2980F9B-4798-4C05-99E2-E174810F7C7B}.Release|x86.Build.0 = Release|Any CPU
		{C2980F9B-4798-4C05-99E2-E174810F7C7B}.ReleaseMinimal|Any CPU.ActiveCfg = Release|Any CPU
		{C2980F9B-4798-4C05-99E2-E174810F7C7B}.ReleaseMinimal|Any CPU.Build.0 = Release|Any CPU
	EndGlobalSection
	GlobalSection(MonoDevelopProperties) = preSolution
		Policies = $0
		$0.VersionControlPolicy = $1
		$1.CommitMessageStyle = $2
		$2.FileSeparator = ", "
		$2.LastFilePostfix = "@:\n  "
		$1.inheritsSet = Mono
		$0.DotNetNamingPolicy = $3
		$3.DirectoryNamespaceAssociation = None
		$3.ResourceNamePolicy = FileFormatDefault
	EndGlobalSection
EndGlobal
